
Microsoft Visual Studio Solution File, Format Version 12.00
# Visual Studio Version 17
VisualStudioVersion = 17.5.33627.172
MinimumVisualStudioVersion = 10.0.40219.1
Project("{FAE04EC0-301F-11D3-BF4B-00C04F79EFBC}") = "Anpherov_IKM620B_Course_project", "Anpherov_IKM620B_Course_project\Anpherov_IKM620B_Course_project.csproj", "{E2F7827A-01A6-4214-9C21-281329B2CC62}"
EndProject
Global
	GlobalSection(SolutionConfigurationPlatforms) = preSolution
		Debug|Any CPU = Debug|Any CPU
		Release|Any CPU = Release|Any CPU
	EndGlobalSection
	GlobalSection(ProjectConfigurationPlatforms) = postSolution
		{E2F7827A-01A6-4214-9C21-281329B2CC62}.Debug|Any CPU.ActiveCfg = Debug|Any CPU
		{E2F7827A-01A6-4214-9C21-281329B2CC62}.Debug|Any CPU.Build.0 = Debug|Any CPU
		{E2F7827A-01A6-4214-9C21-281329B2CC62}.Release|Any CPU.ActiveCfg = Release|Any CPU
		{E2F7827A-01A6-4214-9C21-281329B2CC62}.Release|Any CPU.Build.0 = Release|Any CPU
	EndGlobalSection
	GlobalSection(SolutionProperties) = preSolution
		HideSolutionNode = FALSE
	EndGlobalSection
	GlobalSection(ExtensibilityGlobals) = postSolution
		SolutionGuid = {950BED3D-7AB3-4A5D-A6EC-E5A1F6EEA579}
	EndGlobalSection
EndGlobal
